{
    "_meta": {
        "hash": {
            "sha256": "a4294bb0399c7c8263c81c24a6c4428ce7249224181ec6812d6f6fb34671eaca"
        },
        "pipfile-spec": 6,
        "requires": {
            "python_version": "3.11"
        },
        "sources": [
            {
                "name": "pypi",
                "url": "https://pypi.org/simple",
                "verify_ssl": true
            }
        ]
    },
    "default": {
        "isodate": {
            "hashes": [
                "sha256:0751eece944162659049d35f4f549ed815792b38793f07cf73381c1c87cbed96",
                "sha256:48c5881de7e8b0a0d648cb024c8062dc84e7b840ed81e864c7614fd3c127bde9"
            ],
            "version": "==0.6.1"
        },
        "pyparsing": {
            "hashes": [
                "sha256:32c7c0b711493c72ff18a981d24f28aaf9c1fb7ed5e9667c9e84e3db623bdbfb",
                "sha256:ede28a1a32462f5a9705e07aea48001a08f7cf81a021585011deba701581a0db"
            ],
            "markers": "python_full_version >= '3.6.8'",
            "version": "==3.1.1"
        },
        "rdflib": {
            "hashes": [
                "sha256:0438920912a642c866a513de6fe8a0001bd86ef975057d6962c79ce4771687cd",
                "sha256:9995eb8569428059b8c1affd26b25eac510d64f5043d9ce8c84e0d0036e995ae"
            ],
            "index": "pypi",
            "markers": "python_full_version >= '3.8.1' and python_full_version < '4.0.0'",
            "version": "==7.0.0"
        },
        "six": {
            "hashes": [
                "sha256:1e61c37477a1626458e36f7b1d82aa5c9b094fa4802892072e49de9c60c4c926",
                "sha256:8abb2f1d86890a2dfb989f9a77cfcfd3e47c2a354b01111771326f8aa26e0254"
            ],
            "markers": "python_version >= '2.7' and python_version not in '3.0, 3.1, 3.2'",
            "version": "==1.16.0"
        }
    },
    "develop": {}
}
